
Microsoft Visual Studio Solution File, Format Version 12.00
# Visual Studio 15
VisualStudioVersion = 15.0.28307.168
MinimumVisualStudioVersion = 10.0.40219.1
Project("{FAE04EC0-301F-11D3-BF4B-00C04F79EFBC}") = "UMMLoader", "UMMLoader\UMMLoader.csproj", "{B71775C4-14DC-4AB2-9C19-B9FBAD65AF1A}"
EndProject
Global
	GlobalSection(SolutionConfigurationPlatforms) = preSolution
		Debug|Any CPU = Debug|Any CPU
		Release|Any CPU = Release|Any CPU
	EndGlobalSection
	GlobalSection(ProjectConfigurationPlatforms) = postSolution
		{B71775C4-14DC-4AB2-9C19-B9FBAD65AF1A}.Debug|Any CPU.ActiveCfg = Debug|Any CPU
		{B71775C4-14DC-4AB2-9C19-B9FBAD65AF1A}.Debug|Any CPU.Build.0 = Debug|Any CPU
		{B71775C4-14DC-4AB2-9C19-B9FBAD65AF1A}.Release|Any CPU.ActiveCfg = Release|Any CPU
		{B71775C4-14DC-4AB2-9C19-B9FBAD65AF1A}.Release|Any CPU.Build.0 = Release|Any CPU
	EndGlobalSection
	GlobalSection(SolutionProperties) = preSolution
		HideSolutionNode = FALSE
	EndGlobalSection
	GlobalSection(ExtensibilityGlobals) = postSolution
		SolutionGuid = {D0A018B0-7B5C-4B76-8780-81EB23863CDC}
	EndGlobalSection
EndGlobal
